
Microsoft Visual Studio Solution File, Format Version 12.00
# Visual Studio Version 17
VisualStudioVersion = 17.0.31903.59
MinimumVisualStudioVersion = 10.0.40219.1
Project("{2150E333-8FDC-42A3-9474-1A3956D46DE8}") = "src", "src", "{827E0CD3-B72D-47B6-A68D-7590B98EB39B}"
EndProject
Project("{FAE04EC0-301F-11D3-BF4B-00C04F79EFBC}") = "FilmAPI.API", "src\FilmAPI.API\FilmAPI.API.csproj", "{3FED07EB-8CA8-4DC1-9E21-D9695FAFBBF7}"
EndProject
Project("{FAE04EC0-301F-11D3-BF4B-00C04F79EFBC}") = "FilmAPI.Core", "src\FilmAPI.Core\FilmAPI.Core.csproj", "{C6E846F6-AF96-4765-867C-ED9772F10E51}"
EndProject
Project("{FAE04EC0-301F-11D3-BF4B-00C04F79EFBC}") = "FilmAPI.Infrastructure", "src\FilmAPI.Infrastructure\FilmAPI.Infrastructure.csproj", "{6DE902C6-4CE5-451A-8457-C151D711F397}"
EndProject
Project("{FAE04EC0-301F-11D3-BF4B-00C04F79EFBC}") = "FilmAPI.Application", "src\FilmAPI.Application\FilmAPI.Application.csproj", "{0F947B53-C078-4466-AD53-52EA1484260A}"
EndProject
Project("{2150E333-8FDC-42A3-9474-1A3956D46DE8}") = "tests", "tests", "{0AB3BF05-4346-4AA6-1389-037BE0695223}"
EndProject
Project("{FAE04EC0-301F-11D3-BF4B-00C04F79EFBC}") = "FilmAPI.UnitTests", "tests\FilmAPI.UnitTests\FilmAPI.UnitTests.csproj", "{B32E9BAB-E187-4E86-8E75-F90347A0E74E}"
EndProject
Project("{FAE04EC0-301F-11D3-BF4B-00C04F79EFBC}") = "FilmAPI.IntegrationTests", "tests\FilmAPI.IntegrationTests\FilmAPI.IntegrationTests.csproj", "{D010C299-9679-4FD6-B369-F8EC6DED952B}"
EndProject
Global
	GlobalSection(SolutionConfigurationPlatforms) = preSolution
		Debug|Any CPU = Debug|Any CPU
		Debug|x64 = Debug|x64
		Debug|x86 = Debug|x86
		Release|Any CPU = Release|Any CPU
		Release|x64 = Release|x64
		Release|x86 = Release|x86
	EndGlobalSection
	GlobalSection(ProjectConfigurationPlatforms) = postSolution
		{3FED07EB-8CA8-4DC1-9E21-D9695FAFBBF7}.Debug|Any CPU.ActiveCfg = Debug|Any CPU
		{3FED07EB-8CA8-4DC1-9E21-D9695FAFBBF7}.Debug|Any CPU.Build.0 = Debug|Any CPU
		{3FED07EB-8CA8-4DC1-9E21-D9695FAFBBF7}.Debug|x64.ActiveCfg = Debug|Any CPU
		{3FED07EB-8CA8-4DC1-9E21-D9695FAFBBF7}.Debug|x64.Build.0 = Debug|Any CPU
		{3FED07EB-8CA8-4DC1-9E21-D9695FAFBBF7}.Debug|x86.ActiveCfg = Debug|Any CPU
		{3FED07EB-8CA8-4DC1-9E21-D9695FAFBBF7}.Debug|x86.Build.0 = Debug|Any CPU
		{3FED07EB-8CA8-4DC1-9E21-D9695FAFBBF7}.Release|Any CPU.ActiveCfg = Release|Any CPU
		{3FED07EB-8CA8-4DC1-9E21-D9695FAFBBF7}.Release|Any CPU.Build.0 = Release|Any CPU
		{3FED07EB-8CA8-4DC1-9E21-D9695FAFBBF7}.Release|x64.ActiveCfg = Release|Any CPU
		{3FED07EB-8CA8-4DC1-9E21-D9695FAFBBF7}.Release|x64.Build.0 = Release|Any CPU
		{3FED07EB-8CA8-4DC1-9E21-D9695FAFBBF7}.Release|x86.ActiveCfg = Release|Any CPU
		{3FED07EB-8CA8-4DC1-9E21-D9695FAFBBF7}.Release|x86.Build.0 = Release|Any CPU
		{C6E846F6-AF96-4765-867C-ED9772F10E51}.Debug|Any CPU.ActiveCfg = Debug|Any CPU
		{C6E846F6-AF96-4765-867C-ED9772F10E51}.Debug|Any CPU.Build.0 = Debug|Any CPU
		{C6E846F6-AF96-4765-867C-ED9772F10E51}.Debug|x64.ActiveCfg = Debug|Any CPU
		{C6E846F6-AF96-4765-867C-ED9772F10E51}.Debug|x64.Build.0 = Debug|Any CPU
		{C6E846F6-AF96-4765-867C-ED9772F10E51}.Debug|x86.ActiveCfg = Debug|Any CPU
		{C6E846F6-AF96-4765-867C-ED9772F10E51}.Debug|x86.Build.0 = Debug|Any CPU
		{C6E846F6-AF96-4765-867C-ED9772F10E51}.Release|Any CPU.ActiveCfg = Release|Any CPU
		{C6E846F6-AF96-4765-867C-ED9772F10E51}.Release|Any CPU.Build.0 = Release|Any CPU
		{C6E846F6-AF96-4765-867C-ED9772F10E51}.Release|x64.ActiveCfg = Release|Any CPU
		{C6E846F6-AF96-4765-867C-ED9772F10E51}.Release|x64.Build.0 = Release|Any CPU
		{C6E846F6-AF96-4765-867C-ED9772F10E51}.Release|x86.ActiveCfg = Release|Any CPU
		{C6E846F6-AF96-4765-867C-ED9772F10E51}.Release|x86.Build.0 = Release|Any CPU
		{6DE902C6-4CE5-451A-8457-C151D711F397}.Debug|Any CPU.ActiveCfg = Debug|Any CPU
		{6DE902C6-4CE5-451A-8457-C151D711F397}.Debug|Any CPU.Build.0 = Debug|Any CPU
		{6DE902C6-4CE5-451A-8457-C151D711F397}.Debug|x64.ActiveCfg = Debug|Any CPU
		{6DE902C6-4CE5-451A-8457-C151D711F397}.Debug|x64.Build.0 = Debug|Any CPU
		{6DE902C6-4CE5-451A-8457-C151D711F397}.Debug|x86.ActiveCfg = Debug|Any CPU
		{6DE902C6-4CE5-451A-8457-C151D711F397}.Debug|x86.Build.0 = Debug|Any CPU
		{6DE902C6-4CE5-451A-8457-C151D711F397}.Release|Any CPU.ActiveCfg = Release|Any CPU
		{6DE902C6-4CE5-451A-8457-C151D711F397}.Release|Any CPU.Build.0 = Release|Any CPU
		{6DE902C6-4CE5-451A-8457-C151D711F397}.Release|x64.ActiveCfg = Release|Any CPU
		{6DE902C6-4CE5-451A-8457-C151D711F397}.Release|x64.Build.0 = Release|Any CPU
		{6DE902C6-4CE5-451A-8457-C151D711F397}.Release|x86.ActiveCfg = Release|Any CPU
		{6DE902C6-4CE5-451A-8457-C151D711F397}.Release|x86.Build.0 = Release|Any CPU
		{0F947B53-C078-4466-AD53-52EA1484260A}.Debug|Any CPU.ActiveCfg = Debug|Any CPU
		{0F947B53-C078-4466-AD53-52EA1484260A}.Debug|Any CPU.Build.0 = Debug|Any CPU
		{0F947B53-C078-4466-AD53-52EA1484260A}.Debug|x64.ActiveCfg = Debug|Any CPU
		{0F947B53-C078-4466-AD53-52EA1484260A}.Debug|x64.Build.0 = Debug|Any CPU
		{0F947B53-C078-4466-AD53-52EA1484260A}.Debug|x86.ActiveCfg = Debug|Any CPU
		{0F947B53-C078-4466-AD53-52EA1484260A}.Debug|x86.Build.0 = Debug|Any CPU
		{0F947B53-C078-4466-AD53-52EA1484260A}.Release|Any CPU.ActiveCfg = Release|Any CPU
		{0F947B53-C078-4466-AD53-52EA1484260A}.Release|Any CPU.Build.0 = Release|Any CPU
		{0F947B53-C078-4466-AD53-52EA1484260A}.Release|x64.ActiveCfg = Release|Any CPU
		{0F947B53-C078-4466-AD53-52EA1484260A}.Release|x64.Build.0 = Release|Any CPU
		{0F947B53-C078-4466-AD53-52EA1484260A}.Release|x86.ActiveCfg = Release|Any CPU
		{0F947B53-C078-4466-AD53-52EA1484260A}.Release|x86.Build.0 = Release|Any CPU
		{B32E9BAB-E187-4E86-8E75-F90347A0E74E}.Debug|Any CPU.ActiveCfg = Debug|Any CPU
		{B32E9BAB-E187-4E86-8E75-F90347A0E74E}.Debug|Any CPU.Build.0 = Debug|Any CPU
		{B32E9BAB-E187-4E86-8E75-F90347A0E74E}.Debug|x64.ActiveCfg = Debug|Any CPU
		{B32E9BAB-E187-4E86-8E75-F90347A0E74E}.Debug|x64.Build.0 = Debug|Any CPU
		{B32E9BAB-E187-4E86-8E75-F90347A0E74E}.Debug|x86.ActiveCfg = Debug|Any CPU
		{B32E9BAB-E187-4E86-8E75-F90347A0E74E}.Debug|x86.Build.0 = Debug|Any CPU
		{B32E9BAB-E187-4E86-8E75-F90347A0E74E}.Release|Any CPU.ActiveCfg = Release|Any CPU
		{B32E9BAB-E187-4E86-8E75-F90347A0E74E}.Release|Any CPU.Build.0 = Release|Any CPU
		{B32E9BAB-E187-4E86-8E75-F90347A0E74E}.Release|x64.ActiveCfg = Release|Any CPU
		{B32E9BAB-E187-4E86-8E75-F90347A0E74E}.Release|x64.Build.0 = Release|Any CPU
		{B32E9BAB-E187-4E86-8E75-F90347A0E74E}.Release|x86.ActiveCfg = Release|Any CPU
		{B32E9BAB-E187-4E86-8E75-F90347A0E74E}.Release|x86.Build.0 = Release|Any CPU
		{D010C299-9679-4FD6-B369-F8EC6DED952B}.Debug|Any CPU.ActiveCfg = Debug|Any CPU
		{D010C299-9679-4FD6-B369-F8EC6DED952B}.Debug|Any CPU.Build.0 = Debug|Any CPU
		{D010C299-9679-4FD6-B369-F8EC6DED952B}.Debug|x64.ActiveCfg = Debug|Any CPU
		{D010C299-9679-4FD6-B369-F8EC6DED952B}.Debug|x64.Build.0 = Debug|Any CPU
		{D010C299-9679-4FD6-B369-F8EC6DED952B}.Debug|x86.ActiveCfg = Debug|Any CPU
		{D010C299-9679-4FD6-B369-F8EC6DED952B}.Debug|x86.Build.0 = Debug|Any CPU
		{D010C299-9679-4FD6-B369-F8EC6DED952B}.Release|Any CPU.ActiveCfg = Release|Any CPU
		{D010C299-9679-4FD6-B369-F8EC6DED952B}.Release|Any CPU.Build.0 = Release|Any CPU
		{D010C299-9679-4FD6-B369-F8EC6DED952B}.Release|x64.ActiveCfg = Release|Any CPU
		{D010C299-9679-4FD6-B369-F8EC6DED952B}.Release|x64.Build.0 = Release|Any CPU
		{D010C299-9679-4FD6-B369-F8EC6DED952B}.Release|x86.ActiveCfg = Release|Any CPU
		{D010C299-9679-4FD6-B369-F8EC6DED952B}.Release|x86.Build.0 = Release|Any CPU
	EndGlobalSection
	GlobalSection(SolutionProperties) = preSolution
		HideSolutionNode = FALSE
	EndGlobalSection
	GlobalSection(NestedProjects) = preSolution
		{3FED07EB-8CA8-4DC1-9E21-D9695FAFBBF7} = {827E0CD3-B72D-47B6-A68D-7590B98EB39B}
		{C6E846F6-AF96-4765-867C-ED9772F10E51} = {827E0CD3-B72D-47B6-A68D-7590B98EB39B}
		{6DE902C6-4CE5-451A-8457-C151D711F397} = {827E0CD3-B72D-47B6-A68D-7590B98EB39B}
		{0F947B53-C078-4466-AD53-52EA1484260A} = {827E0CD3-B72D-47B6-A68D-7590B98EB39B}
		{B32E9BAB-E187-4E86-8E75-F90347A0E74E} = {0AB3BF05-4346-4AA6-1389-037BE0695223}
		{D010C299-9679-4FD6-B369-F8EC6DED952B} = {0AB3BF05-4346-4AA6-1389-037BE0695223}
	EndGlobalSection
EndGlobal
